
Microsoft Visual Studio Solution File, Format Version 12.00
# Visual Studio Version 17
VisualStudioVersion = 17.4.33213.308
MinimumVisualStudioVersion = 10.0.40219.1
Project("{FAE04EC0-301F-11D3-BF4B-00C04F79EFBC}") = "Email", "Email\Email.csproj", "{E80E43FF-B575-47CF-AB1D-230989940E24}"
EndProject
Global
	GlobalSection(SolutionConfigurationPlatforms) = preSolution
		Debug|Any CPU = Debug|Any CPU
		Release|Any CPU = Release|Any CPU
	EndGlobalSection
	GlobalSection(ProjectConfigurationPlatforms) = postSolution
		{E80E43FF-B575-47CF-AB1D-230989940E24}.Debug|Any CPU.ActiveCfg = Debug|Any CPU
		{E80E43FF-B575-47CF-AB1D-230989940E24}.Debug|Any CPU.Build.0 = Debug|Any CPU
		{E80E43FF-B575-47CF-AB1D-230989940E24}.Release|Any CPU.ActiveCfg = Release|Any CPU
		{E80E43FF-B575-47CF-AB1D-230989940E24}.Release|Any CPU.Build.0 = Release|Any CPU
	EndGlobalSection
	GlobalSection(SolutionProperties) = preSolution
		HideSolutionNode = FALSE
	EndGlobalSection
	GlobalSection(ExtensibilityGlobals) = postSolution
		SolutionGuid = {5F4C0506-3E8C-408D-88A2-4B0A664E39A0}
	EndGlobalSection
EndGlobal
