
Microsoft Visual Studio Solution File, Format Version 12.00
# Visual Studio Version 17
VisualStudioVersion = 17.4.33213.308
MinimumVisualStudioVersion = 10.0.40219.1
Project("{FAE04EC0-301F-11D3-BF4B-00C04F79EFBC}") = "Electricity", "Electricity\Electricity.csproj", "{5F886FE2-8712-483D-84E4-B499B98EFA7F}"
EndProject
Global
	GlobalSection(SolutionConfigurationPlatforms) = preSolution
		Debug|Any CPU = Debug|Any CPU
		Release|Any CPU = Release|Any CPU
	EndGlobalSection
	GlobalSection(ProjectConfigurationPlatforms) = postSolution
		{5F886FE2-8712-483D-84E4-B499B98EFA7F}.Debug|Any CPU.ActiveCfg = Debug|Any CPU
		{5F886FE2-8712-483D-84E4-B499B98EFA7F}.Debug|Any CPU.Build.0 = Debug|Any CPU
		{5F886FE2-8712-483D-84E4-B499B98EFA7F}.Release|Any CPU.ActiveCfg = Release|Any CPU
		{5F886FE2-8712-483D-84E4-B499B98EFA7F}.Release|Any CPU.Build.0 = Release|Any CPU
	EndGlobalSection
	GlobalSection(SolutionProperties) = preSolution
		HideSolutionNode = FALSE
	EndGlobalSection
	GlobalSection(ExtensibilityGlobals) = postSolution
		SolutionGuid = {E66DE2DE-70F1-4843-BE98-EEAB159219DF}
	EndGlobalSection
EndGlobal
